
Microsoft Visual Studio Solution File, Format Version 12.00
# Visual Studio Version 16
VisualStudioVersion = 16.0.30320.27
MinimumVisualStudioVersion = 10.0.40219.1
Project("{8BC9CEB8-8B4A-11D0-8D11-00A0C91BC942}") = "RSA", "RSA.vcxproj", "{B525FA51-FC93-4A4E-B41F-A8A5D7EF2C6E}"
EndProject
Project("{8BC9CEB8-8B4A-11D0-8D11-00A0C91BC942}") = "unittest", "source\unittest\unittest.vcxproj", "{7B46241B-04AC-4A3F-A537-17658D2DCA63}"
EndProject
Global
	GlobalSection(SolutionConfigurationPlatforms) = preSolution
		Debug|x64 = Debug|x64
		Debug|x86 = Debug|x86
		Release|x64 = Release|x64
		Release|x86 = Release|x86
		UnitTest|x64 = UnitTest|x64
		UnitTest|x86 = UnitTest|x86
	EndGlobalSection
	GlobalSection(ProjectConfigurationPlatforms) = postSolution
		{B525FA51-FC93-4A4E-B41F-A8A5D7EF2C6E}.Debug|x64.ActiveCfg = Debug|x64
		{B525FA51-FC93-4A4E-B41F-A8A5D7EF2C6E}.Debug|x64.Build.0 = Debug|x64
		{B525FA51-FC93-4A4E-B41F-A8A5D7EF2C6E}.Debug|x86.ActiveCfg = UnitTest|Win32
		{B525FA51-FC93-4A4E-B41F-A8A5D7EF2C6E}.Debug|x86.Build.0 = UnitTest|Win32
		{B525FA51-FC93-4A4E-B41F-A8A5D7EF2C6E}.Release|x64.ActiveCfg = Release|x64
		{B525FA51-FC93-4A4E-B41F-A8A5D7EF2C6E}.Release|x64.Build.0 = Release|x64
		{B525FA51-FC93-4A4E-B41F-A8A5D7EF2C6E}.Release|x86.ActiveCfg = Release|Win32
		{B525FA51-FC93-4A4E-B41F-A8A5D7EF2C6E}.Release|x86.Build.0 = Release|Win32
		{B525FA51-FC93-4A4E-B41F-A8A5D7EF2C6E}.UnitTest|x64.ActiveCfg = UnitTest|x64
		{B525FA51-FC93-4A4E-B41F-A8A5D7EF2C6E}.UnitTest|x64.Build.0 = UnitTest|x64
		{B525FA51-FC93-4A4E-B41F-A8A5D7EF2C6E}.UnitTest|x86.ActiveCfg = UnitTest|Win32
		{B525FA51-FC93-4A4E-B41F-A8A5D7EF2C6E}.UnitTest|x86.Build.0 = UnitTest|Win32
		{7B46241B-04AC-4A3F-A537-17658D2DCA63}.Debug|x64.ActiveCfg = Debug|x64
		{7B46241B-04AC-4A3F-A537-17658D2DCA63}.Debug|x64.Build.0 = Debug|x64
		{7B46241B-04AC-4A3F-A537-17658D2DCA63}.Debug|x86.ActiveCfg = Debug|Win32
		{7B46241B-04AC-4A3F-A537-17658D2DCA63}.Debug|x86.Build.0 = Debug|Win32
		{7B46241B-04AC-4A3F-A537-17658D2DCA63}.Release|x64.ActiveCfg = Release|x64
		{7B46241B-04AC-4A3F-A537-17658D2DCA63}.Release|x64.Build.0 = Release|x64
		{7B46241B-04AC-4A3F-A537-17658D2DCA63}.Release|x86.ActiveCfg = Release|Win32
		{7B46241B-04AC-4A3F-A537-17658D2DCA63}.Release|x86.Build.0 = Release|Win32
		{7B46241B-04AC-4A3F-A537-17658D2DCA63}.UnitTest|x64.ActiveCfg = UnitTest|x64
		{7B46241B-04AC-4A3F-A537-17658D2DCA63}.UnitTest|x64.Build.0 = UnitTest|x64
		{7B46241B-04AC-4A3F-A537-17658D2DCA63}.UnitTest|x86.ActiveCfg = UnitTest|Win32
		{7B46241B-04AC-4A3F-A537-17658D2DCA63}.UnitTest|x86.Build.0 = UnitTest|Win32
	EndGlobalSection
	GlobalSection(SolutionProperties) = preSolution
		HideSolutionNode = FALSE
	EndGlobalSection
	GlobalSection(ExtensibilityGlobals) = postSolution
		SolutionGuid = {6BB66DF8-F26A-43E6-AC17-897F3E87F3C9}
	EndGlobalSection
EndGlobal
